
Microsoft Visual Studio Solution File, Format Version 12.00
# Visual Studio Version 17
VisualStudioVersion = 17.2.32630.192
MinimumVisualStudioVersion = 10.0.40219.1
Project("{FAE04EC0-301F-11D3-BF4B-00C04F79EFBC}") = "akivaapi", "akivaapi\akivaapi.csproj", "{5F68ABE9-07BC-44CB-B2C7-D2291564D457}"
EndProject
Global
	GlobalSection(SolutionConfigurationPlatforms) = preSolution
		Debug|Any CPU = Debug|Any CPU
		Release|Any CPU = Release|Any CPU
	EndGlobalSection
	GlobalSection(ProjectConfigurationPlatforms) = postSolution
		{5F68ABE9-07BC-44CB-B2C7-D2291564D457}.Debug|Any CPU.ActiveCfg = Debug|Any CPU
		{5F68ABE9-07BC-44CB-B2C7-D2291564D457}.Debug|Any CPU.Build.0 = Debug|Any CPU
		{5F68ABE9-07BC-44CB-B2C7-D2291564D457}.Release|Any CPU.ActiveCfg = Release|Any CPU
		{5F68ABE9-07BC-44CB-B2C7-D2291564D457}.Release|Any CPU.Build.0 = Release|Any CPU
	EndGlobalSection
	GlobalSection(SolutionProperties) = preSolution
		HideSolutionNode = FALSE
	EndGlobalSection
	GlobalSection(ExtensibilityGlobals) = postSolution
		SolutionGuid = {54989820-1299-4DA1-A7FB-CB9A18755F41}
	EndGlobalSection
EndGlobal
